
Microsoft Visual Studio Solution File, Format Version 12.00
Project("{FAE04EC0-301F-11D3-BF4B-00C04F79EFBC}") = "RWS.ConsoleApp", "RWS.ConsoleApp\RWS.ConsoleApp.csproj", "{1ECB8F41-CD7C-4ACA-B19D-1B5D276AEB63}"
EndProject
Project("{FAE04EC0-301F-11D3-BF4B-00C04F79EFBC}") = "RWS.Test", "RWS.Test\RWS.Test.csproj", "{6EC4B65E-8D8D-4FF5-8ABA-88EFF7267C56}"
EndProject
Global
	GlobalSection(SolutionConfigurationPlatforms) = preSolution
		Debug|Any CPU = Debug|Any CPU
		Release|Any CPU = Release|Any CPU
	EndGlobalSection
	GlobalSection(ProjectConfigurationPlatforms) = postSolution
		{1ECB8F41-CD7C-4ACA-B19D-1B5D276AEB63}.Debug|Any CPU.ActiveCfg = Debug|Any CPU
		{1ECB8F41-CD7C-4ACA-B19D-1B5D276AEB63}.Debug|Any CPU.Build.0 = Debug|Any CPU
		{1ECB8F41-CD7C-4ACA-B19D-1B5D276AEB63}.Release|Any CPU.ActiveCfg = Release|Any CPU
		{1ECB8F41-CD7C-4ACA-B19D-1B5D276AEB63}.Release|Any CPU.Build.0 = Release|Any CPU
		{6EC4B65E-8D8D-4FF5-8ABA-88EFF7267C56}.Debug|Any CPU.ActiveCfg = Debug|Any CPU
		{6EC4B65E-8D8D-4FF5-8ABA-88EFF7267C56}.Debug|Any CPU.Build.0 = Debug|Any CPU
		{6EC4B65E-8D8D-4FF5-8ABA-88EFF7267C56}.Release|Any CPU.ActiveCfg = Release|Any CPU
		{6EC4B65E-8D8D-4FF5-8ABA-88EFF7267C56}.Release|Any CPU.Build.0 = Release|Any CPU
	EndGlobalSection
EndGlobal
